
Microsoft Visual Studio Solution File, Format Version 12.00
# Visual Studio Version 17
VisualStudioVersion = 17.4.33213.308
MinimumVisualStudioVersion = 10.0.40219.1
Project("{FAE04EC0-301F-11D3-BF4B-00C04F79EFBC}") = "EuromobileTestTask.WebApi", "EuromobileTestTask.WebApi\EuromobileTestTask.WebApi.csproj", "{C8E3221C-328D-4683-8833-1024748589A8}"
EndProject
Project("{FAE04EC0-301F-11D3-BF4B-00C04F79EFBC}") = "EuromobileTestTaks.Domain", "EuromobileTestTaks.Domain\EuromobileTestTaks.Domain.csproj", "{D1C9EC5A-35B0-4AF7-A7D7-9B57B456667E}"
EndProject
Global
	GlobalSection(SolutionConfigurationPlatforms) = preSolution
		Debug|Any CPU = Debug|Any CPU
		Release|Any CPU = Release|Any CPU
	EndGlobalSection
	GlobalSection(ProjectConfigurationPlatforms) = postSolution
		{C8E3221C-328D-4683-8833-1024748589A8}.Debug|Any CPU.ActiveCfg = Debug|Any CPU
		{C8E3221C-328D-4683-8833-1024748589A8}.Debug|Any CPU.Build.0 = Debug|Any CPU
		{C8E3221C-328D-4683-8833-1024748589A8}.Release|Any CPU.ActiveCfg = Release|Any CPU
		{C8E3221C-328D-4683-8833-1024748589A8}.Release|Any CPU.Build.0 = Release|Any CPU
		{D1C9EC5A-35B0-4AF7-A7D7-9B57B456667E}.Debug|Any CPU.ActiveCfg = Debug|Any CPU
		{D1C9EC5A-35B0-4AF7-A7D7-9B57B456667E}.Debug|Any CPU.Build.0 = Debug|Any CPU
		{D1C9EC5A-35B0-4AF7-A7D7-9B57B456667E}.Release|Any CPU.ActiveCfg = Release|Any CPU
		{D1C9EC5A-35B0-4AF7-A7D7-9B57B456667E}.Release|Any CPU.Build.0 = Release|Any CPU
	EndGlobalSection
	GlobalSection(SolutionProperties) = preSolution
		HideSolutionNode = FALSE
	EndGlobalSection
	GlobalSection(ExtensibilityGlobals) = postSolution
		SolutionGuid = {FFA6994F-0F03-49A5-96AC-AB3D1C27108A}
	EndGlobalSection
EndGlobal
